// !$*UTF8*$!
{
	archiveVersion = 1;
	classes = {
	};
	objectVersion = 46;
	objects = {

/* Begin PBXBuildFile section */
		449929C31E89EF6C00A33754 /* main.swift in Sources */ = {isa = PBXBuildFile; fileRef = 449929C21E89EF6C00A33754 /* main.swift */; };
		449929CA1E89F3EB00A33754 /* Anime.swift in Sources */ = {isa = PBXBuildFile; fileRef = 449929C91E89F3EB00A33754 /* Anime.swift */; };
		449929CC1E89F5D500A33754 /* JSONDecodeError.swift in Sources */ = {isa = PBXBuildFile; fileRef = 449929CB1E89F5D500A33754 /* JSONDecodeError.swift */; };
		449929CE1E89FA4500A33754 /* JSONDecodable.swift in Sources */ = {isa = PBXBuildFile; fileRef = 449929CD1E89FA4500A33754 /* JSONDecodable.swift */; };
		449929D01E89FCD700A33754 /* SearchWorksResponse.swift in Sources */ = {isa = PBXBuildFile; fileRef = 449929CF1E89FCD700A33754 /* SearchWorksResponse.swift */; };
		449929D31E8A016C00A33754 /* AnnictClientError.swift in Sources */ = {isa = PBXBuildFile; fileRef = 449929D21E8A016C00A33754 /* AnnictClientError.swift */; };
		449929D51E8A02DA00A33754 /* AnnictAPIError.swift in Sources */ = {isa = PBXBuildFile; fileRef = 449929D41E8A02DA00A33754 /* AnnictAPIError.swift */; };
		449929D81E8A659200A33754 /* AnnictRequest.swift in Sources */ = {isa = PBXBuildFile; fileRef = 449929D71E8A659200A33754 /* AnnictRequest.swift */; };
		449929DA1E8A668D00A33754 /* HTTPMethod.swift in Sources */ = {isa = PBXBuildFile; fileRef = 449929D91E8A668D00A33754 /* HTTPMethod.swift */; };
		449929DC1E8A73C100A33754 /* AnnictAPI.swift in Sources */ = {isa = PBXBuildFile; fileRef = 449929DB1E8A73C100A33754 /* AnnictAPI.swift */; };
		449929DF1E8A834E00A33754 /* AnnictClient.swift in Sources */ = {isa = PBXBuildFile; fileRef = 449929DE1E8A834E00A33754 /* AnnictClient.swift */; };
		449929E11E8A851F00A33754 /* Result.swift in Sources */ = {isa = PBXBuildFile; fileRef = 449929E01E8A851F00A33754 /* Result.swift */; };
/* End PBXBuildFile section */

/* Begin PBXCopyFilesBuildPhase section */
		449929BD1E89EF6C00A33754 /* CopyFiles */ = {
			isa = PBXCopyFilesBuildPhase;
			buildActionMask = 2147483647;
			dstPath = /usr/share/man/man1/;
			dstSubfolderSpec = 0;
			files = (
			);
			runOnlyForDeploymentPostprocessing = 1;
		};
/* End PBXCopyFilesBuildPhase section */

/* Begin PBXFileReference section */
		449929BF1E89EF6C00A33754 /* AnnictAPIClient */ = {isa = PBXFileReference; explicitFileType = "compiled.mach-o.executable"; includeInIndex = 0; path = AnnictAPIClient; sourceTree = BUILT_PRODUCTS_DIR; };
		449929C21E89EF6C00A33754 /* main.swift */ = {isa = PBXFileReference; lastKnownFileType = sourcecode.swift; path = main.swift; sourceTree = "<group>"; };
		449929C91E89F3EB00A33754 /* Anime.swift */ = {isa = PBXFileReference; fileEncoding = 4; lastKnownFileType = sourcecode.swift; path = Anime.swift; sourceTree = "<group>"; };
		449929CB1E89F5D500A33754 /* JSONDecodeError.swift */ = {isa = PBXFileReference; fileEncoding = 4; lastKnownFileType = sourcecode.swift; path = JSONDecodeError.swift; sourceTree = "<group>"; };
		449929CD1E89FA4500A33754 /* JSONDecodable.swift */ = {isa = PBXFileReference; fileEncoding = 4; lastKnownFileType = sourcecode.swift; path = JSONDecodable.swift; sourceTree = "<group>"; };
		449929CF1E89FCD700A33754 /* SearchWorksResponse.swift */ = {isa = PBXFileReference; fileEncoding = 4; lastKnownFileType = sourcecode.swift; path = SearchWorksResponse.swift; sourceTree = "<group>"; };
		449929D21E8A016C00A33754 /* AnnictClientError.swift */ = {isa = PBXFileReference; fileEncoding = 4; lastKnownFileType = sourcecode.swift; path = AnnictClientError.swift; sourceTree = "<group>"; };
		449929D41E8A02DA00A33754 /* AnnictAPIError.swift */ = {isa = PBXFileReference; fileEncoding = 4; lastKnownFileType = sourcecode.swift; path = AnnictAPIError.swift; sourceTree = "<group>"; };
		449929D71E8A659200A33754 /* AnnictRequest.swift */ = {isa = PBXFileReference; fileEncoding = 4; lastKnownFileType = sourcecode.swift; path = AnnictRequest.swift; sourceTree = "<group>"; };
		449929D91E8A668D00A33754 /* HTTPMethod.swift */ = {isa = PBXFileReference; fileEncoding = 4; lastKnownFileType = sourcecode.swift; path = HTTPMethod.swift; sourceTree = "<group>"; };
		449929DB1E8A73C100A33754 /* AnnictAPI.swift */ = {isa = PBXFileReference; fileEncoding = 4; lastKnownFileType = sourcecode.swift; path = AnnictAPI.swift; sourceTree = "<group>"; };
		449929DE1E8A834E00A33754 /* AnnictClient.swift */ = {isa = PBXFileReference; fileEncoding = 4; lastKnownFileType = sourcecode.swift; path = AnnictClient.swift; sourceTree = "<group>"; };
		449929E01E8A851F00A33754 /* Result.swift */ = {isa = PBXFileReference; fileEncoding = 4; lastKnownFileType = sourcecode.swift; path = Result.swift; sourceTree = "<group>"; };
/* End PBXFileReference section */

/* Begin PBXFrameworksBuildPhase section */
		449929BC1E89EF6C00A33754 /* Frameworks */ = {
			isa = PBXFrameworksBuildPhase;
			buildActionMask = 2147483647;
			files = (
			);
			runOnlyForDeploymentPostprocessing = 0;
		};
/* End PBXFrameworksBuildPhase section */

/* Begin PBXGroup section */
		449929B61E89EF6C00A33754 = {
			isa = PBXGroup;
			children = (
				449929C11E89EF6C00A33754 /* AnnictAPIClient */,
				449929C01E89EF6C00A33754 /* Products */,
			);
			sourceTree = "<group>";
		};
		449929C01E89EF6C00A33754 /* Products */ = {
			isa = PBXGroup;
			children = (
				449929BF1E89EF6C00A33754 /* AnnictAPIClient */,
			);
			name = Products;
			sourceTree = "<group>";
		};
		449929C11E89EF6C00A33754 /* AnnictAPIClient */ = {
			isa = PBXGroup;
			children = (
				449929DD1E8A804F00A33754 /* Response */,
				449929D61E8A64E400A33754 /* Request */,
				449929D11E8A00F700A33754 /* Error */,
				449929C21E89EF6C00A33754 /* main.swift */,
			);
			path = AnnictAPIClient;
			sourceTree = "<group>";
		};
		449929D11E8A00F700A33754 /* Error */ = {
			isa = PBXGroup;
			children = (
				449929D21E8A016C00A33754 /* AnnictClientError.swift */,
				449929D41E8A02DA00A33754 /* AnnictAPIError.swift */,
			);
			name = Error;
			sourceTree = "<group>";
		};
		449929D61E8A64E400A33754 /* Request */ = {
			isa = PBXGroup;
			children = (
				449929D71E8A659200A33754 /* AnnictRequest.swift */,
				449929D91E8A668D00A33754 /* HTTPMethod.swift */,
				449929DB1E8A73C100A33754 /* AnnictAPI.swift */,
				449929DE1E8A834E00A33754 /* AnnictClient.swift */,
				449929E01E8A851F00A33754 /* Result.swift */,
			);
			name = Request;
			sourceTree = "<group>";
		};
		449929DD1E8A804F00A33754 /* Response */ = {
			isa = PBXGroup;
			children = (
				449929C91E89F3EB00A33754 /* Anime.swift */,
				449929CF1E89FCD700A33754 /* SearchWorksResponse.swift */,
				449929CB1E89F5D500A33754 /* JSONDecodeError.swift */,
				449929CD1E89FA4500A33754 /* JSONDecodable.swift */,
			);
			name = Response;
			sourceTree = "<group>";
		};
/* End PBXGroup section */

/* Begin PBXNativeTarget section */
		449929BE1E89EF6C00A33754 /* AnnictAPIClient */ = {
			isa = PBXNativeTarget;
			buildConfigurationList = 449929C61E89EF6C00A33754 /* Build configuration list for PBXNativeTarget "AnnictAPIClient" */;
			buildPhases = (
				449929BB1E89EF6C00A33754 /* Sources */,
				449929BC1E89EF6C00A33754 /* Frameworks */,
				449929BD1E89EF6C00A33754 /* CopyFiles */,
			);
			buildRules = (
			);
			dependencies = (
			);
			name = AnnictAPIClient;
			productName = AnnictAPIClient;
			productReference = 449929BF1E89EF6C00A33754 /* AnnictAPIClient */;
			productType = "com.apple.product-type.tool";
		};
/* End PBXNativeTarget section */

/* Begin PBXProject section */
		449929B71E89EF6C00A33754 /* Project object */ = {
			isa = PBXProject;
			attributes = {
				LastSwiftUpdateCheck = 0820;
				LastUpgradeCheck = 0820;
				ORGANIZATIONNAME = alitaso345;
				TargetAttributes = {
					449929BE1E89EF6C00A33754 = {
						CreatedOnToolsVersion = 8.2.1;
						ProvisioningStyle = Automatic;
					};
				};
			};
			buildConfigurationList = 449929BA1E89EF6C00A33754 /* Build configuration list for PBXProject "AnnictAPIClient" */;
			compatibilityVersion = "Xcode 3.2";
			developmentRegion = English;
			hasScannedForEncodings = 0;
			knownRegions = (
				en,
			);
			mainGroup = 449929B61E89EF6C00A33754;
			productRefGroup = 449929C01E89EF6C00A33754 /* Products */;
			projectDirPath = "";
			projectRoot = "";
			targets = (
				449929BE1E89EF6C00A33754 /* AnnictAPIClient */,
			);
		};
/* End PBXProject section */

/* Begin PBXSourcesBuildPhase section */
		449929BB1E89EF6C00A33754 /* Sources */ = {
			isa = PBXSourcesBuildPhase;
			buildActionMask = 2147483647;
			files = (
				449929CA1E89F3EB00A33754 /* Anime.swift in Sources */,
				449929C31E89EF6C00A33754 /* main.swift in Sources */,
				449929CC1E89F5D500A33754 /* JSONDecodeError.swift in Sources */,
				449929D01E89FCD700A33754 /* SearchWorksResponse.swift in Sources */,
				449929D81E8A659200A33754 /* AnnictRequest.swift in Sources */,
				449929DA1E8A668D00A33754 /* HTTPMethod.swift in Sources */,
				449929E11E8A851F00A33754 /* Result.swift in Sources */,
				449929D51E8A02DA00A33754 /* AnnictAPIError.swift in Sources */,
				449929DF1E8A834E00A33754 /* AnnictClient.swift in Sources */,
				449929DC1E8A73C100A33754 /* AnnictAPI.swift in Sources */,
				449929D31E8A016C00A33754 /* AnnictClientError.swift in Sources */,
				449929CE1E89FA4500A33754 /* JSONDecodable.swift in Sources */,
			);
			runOnlyForDeploymentPostprocessing = 0;
		};
/* End PBXSourcesBuildPhase section */

/* Begin XCBuildConfiguration section */
		449929C41E89EF6C00A33754 /* Debug */ = {
			isa = XCBuildConfiguration;
			buildSettings = {
				ALWAYS_SEARCH_USER_PATHS = NO;
				CLANG_ANALYZER_NONNULL = YES;
				CLANG_CXX_LANGUAGE_STANDARD = "gnu++0x";
				CLANG_CXX_LIBRARY = "libc++";
				CLANG_ENABLE_MODULES = YES;
				CLANG_ENABLE_OBJC_ARC = YES;
				CLANG_WARN_BOOL_CONVERSION = YES;
				CLANG_WARN_CONSTANT_CONVERSION = YES;
				CLANG_WARN_DIRECT_OBJC_ISA_USAGE = YES_ERROR;
				CLANG_WARN_DOCUMENTATION_COMMENTS = YES;
				CLANG_WARN_EMPTY_BODY = YES;
				CLANG_WARN_ENUM_CONVERSION = YES;
				CLANG_WARN_INFINITE_RECURSION = YES;
				CLANG_WARN_INT_CONVERSION = YES;
				CLANG_WARN_OBJC_ROOT_CLASS = YES_ERROR;
				CLANG_WARN_SUSPICIOUS_MOVE = YES;
				CLANG_WARN_UNREACHABLE_CODE = YES;
				CLANG_WARN__DUPLICATE_METHOD_MATCH = YES;
				CODE_SIGN_IDENTITY = "-";
				COPY_PHASE_STRIP = NO;
				DEBUG_INFORMATION_FORMAT = dwarf;
				ENABLE_STRICT_OBJC_MSGSEND = YES;
				ENABLE_TESTABILITY = YES;
				GCC_C_LANGUAGE_STANDARD = gnu99;
				GCC_DYNAMIC_NO_PIC = NO;
				GCC_NO_COMMON_BLOCKS = YES;
				GCC_OPTIMIZATION_LEVEL = 0;
				GCC_PREPROCESSOR_DEFINITIONS = (
					"DEBUG=1",
					"$(inherited)",
				);
				GCC_WARN_64_TO_32_BIT_CONVERSION = YES;
				GCC_WARN_ABOUT_RETURN_TYPE = YES_ERROR;
				GCC_WARN_UNDECLARED_SELECTOR = YES;
				GCC_WARN_UNINITIALIZED_AUTOS = YES_AGGRESSIVE;
				GCC_WARN_UNUSED_FUNCTION = YES;
				GCC_WARN_UNUSED_VARIABLE = YES;
				MACOSX_DEPLOYMENT_TARGET = 10.11;
				MTL_ENABLE_DEBUG_INFO = YES;
				ONLY_ACTIVE_ARCH = YES;
				SDKROOT = macosx;
				SWIFT_OPTIMIZATION_LEVEL = "-Onone";
			};
			name = Debug;
		};
		449929C51E89EF6C00A33754 /* Release */ = {
			isa = XCBuildConfiguration;
			buildSettings = {
				ALWAYS_SEARCH_USER_PATHS = NO;
				CLANG_ANALYZER_NONNULL = YES;
				CLANG_CXX_LANGUAGE_STANDARD = "gnu++0x";
				CLANG_CXX_LIBRARY = "libc++";
				CLANG_ENABLE_MODULES = YES;
				CLANG_ENABLE_OBJC_ARC = YES;
				CLANG_WARN_BOOL_CONVERSION = YES;
				CLANG_WARN_CONSTANT_CONVERSION = YES;
				CLANG_WARN_DIRECT_OBJC_ISA_USAGE = YES_ERROR;
				CLANG_WARN_DOCUMENTATION_COMMENTS = YES;
				CLANG_WARN_EMPTY_BODY = YES;
				CLANG_WARN_ENUM_CONVERSION = YES;
				CLANG_WARN_INFINITE_RECURSION = YES;
				CLANG_WARN_INT_CONVERSION = YES;
				CLANG_WARN_OBJC_ROOT_CLASS = YES_ERROR;
				CLANG_WARN_SUSPICIOUS_MOVE = YES;
				CLANG_WARN_UNREACHABLE_CODE = YES;
				CLANG_WARN__DUPLICATE_METHOD_MATCH = YES;
				CODE_SIGN_IDENTITY = "-";
				COPY_PHASE_STRIP = NO;
				DEBUG_INFORMATION_FORMAT = "dwarf-with-dsym";
				ENABLE_NS_ASSERTIONS = NO;
				ENABLE_STRICT_OBJC_MSGSEND = YES;
				GCC_C_LANGUAGE_STANDARD = gnu99;
				GCC_NO_COMMON_BLOCKS = YES;
				GCC_WARN_64_TO_32_BIT_CONVERSION = YES;
				GCC_WARN_ABOUT_RETURN_TYPE = YES_ERROR;
				GCC_WARN_UNDECLARED_SELECTOR = YES;
				GCC_WARN_UNINITIALIZED_AUTOS = YES_AGGRESSIVE;
				GCC_WARN_UNUSED_FUNCTION = YES;
				GCC_WARN_UNUSED_VARIABLE = YES;
				MACOSX_DEPLOYMENT_TARGET = 10.11;
				MTL_ENABLE_DEBUG_INFO = NO;
				SDKROOT = macosx;
			};
			name = Release;
		};
		449929C71E89EF6C00A33754 /* Debug */ = {
			isa = XCBuildConfiguration;
			buildSettings = {
				PRODUCT_NAME = "$(TARGET_NAME)";
				SWIFT_VERSION = 3.0;
			};
			name = Debug;
		};
		449929C81E89EF6C00A33754 /* Release */ = {
			isa = XCBuildConfiguration;
			buildSettings = {
				PRODUCT_NAME = "$(TARGET_NAME)";
				SWIFT_VERSION = 3.0;
			};
			name = Release;
		};
/* End XCBuildConfiguration section */

/* Begin XCConfigurationList section */
		449929BA1E89EF6C00A33754 /* Build configuration list for PBXProject "AnnictAPIClient" */ = {
			isa = XCConfigurationList;
			buildConfigurations = (
				449929C41E89EF6C00A33754 /* Debug */,
				449929C51E89EF6C00A33754 /* Release */,
			);
			defaultConfigurationIsVisible = 0;
			defaultConfigurationName = Release;
		};
		449929C61E89EF6C00A33754 /* Build configuration list for PBXNativeTarget "AnnictAPIClient" */ = {
			isa = XCConfigurationList;
			buildConfigurations = (
				449929C71E89EF6C00A33754 /* Debug */,
				449929C81E89EF6C00A33754 /* Release */,
			);
			defaultConfigurationIsVisible = 0;
		};
/* End XCConfigurationList section */
	};
	rootObject = 449929B71E89EF6C00A33754 /* Project object */;
}
